
Microsoft Visual Studio Solution File, Format Version 12.00
# Visual Studio Version 17
VisualStudioVersion = 17.4.33110.190
MinimumVisualStudioVersion = 10.0.40219.1
Project("{FAE04EC0-301F-11D3-BF4B-00C04F79EFBC}") = "VsProj", "VsProj\VsProj.csproj", "{5346D195-2483-4D31-8841-9E416910644E}"
EndProject
Global
	GlobalSection(SolutionConfigurationPlatforms) = preSolution
		Debug|Any CPU = Debug|Any CPU
		Release|Any CPU = Release|Any CPU
	EndGlobalSection
	GlobalSection(ProjectConfigurationPlatforms) = postSolution
		{5346D195-2483-4D31-8841-9E416910644E}.Debug|Any CPU.ActiveCfg = Debug|Any CPU
		{5346D195-2483-4D31-8841-9E416910644E}.Debug|Any CPU.Build.0 = Debug|Any CPU
		{5346D195-2483-4D31-8841-9E416910644E}.Release|Any CPU.ActiveCfg = Release|Any CPU
		{5346D195-2483-4D31-8841-9E416910644E}.Release|Any CPU.Build.0 = Release|Any CPU
	EndGlobalSection
	GlobalSection(SolutionProperties) = preSolution
		HideSolutionNode = FALSE
	EndGlobalSection
	GlobalSection(ExtensibilityGlobals) = postSolution
		SolutionGuid = {7BD0B6C3-11FA-4AC7-B44C-AE18229337DC}
	EndGlobalSection
EndGlobal
